// !$*UTF8*$!
{
	archiveVersion = 1;
	classes = {
	};
	objectVersion = 46;
	objects = {

/* Begin PBXBuildFile section */
		8F15D30D1AFECDA4004E456C /* AppDelegate.swift in Sources */ = {isa = PBXBuildFile; fileRef = 8F15D30C1AFECDA4004E456C /* AppDelegate.swift */; };
		8F15D3121AFECDA4004E456C /* Main.storyboard in Resources */ = {isa = PBXBuildFile; fileRef = 8F15D3101AFECDA4004E456C /* Main.storyboard */; };
		8F15D3141AFECDA4004E456C /* Images.xcassets in Resources */ = {isa = PBXBuildFile; fileRef = 8F15D3131AFECDA4004E456C /* Images.xcassets */; };
		8F15D3171AFECDA4004E456C /* LaunchScreen.xib in Resources */ = {isa = PBXBuildFile; fileRef = 8F15D3151AFECDA4004E456C /* LaunchScreen.xib */; };
		8F15D3231AFECDA4004E456C /* FA_RevealMenuTests.swift in Sources */ = {isa = PBXBuildFile; fileRef = 8F15D3221AFECDA4004E456C /* FA_RevealMenuTests.swift */; };
		8F15D32D1AFECDBE004E456C /* FA_RevealMenuController.swift in Sources */ = {isa = PBXBuildFile; fileRef = 8F15D32C1AFECDBE004E456C /* FA_RevealMenuController.swift */; };
		8F15D32F1AFED961004E456C /* LeftMenuController.swift in Sources */ = {isa = PBXBuildFile; fileRef = 8F15D32E1AFED961004E456C /* LeftMenuController.swift */; };
		8F15D3311AFEDE52004E456C /* FrontViewController.swift in Sources */ = {isa = PBXBuildFile; fileRef = 8F15D3301AFEDE52004E456C /* FrontViewController.swift */; };
		8F3AFD021B53AD8F0001B619 /* SecondaryViewController.swift in Sources */ = {isa = PBXBuildFile; fileRef = 8F3AFD011B53AD8F0001B619 /* SecondaryViewController.swift */; };
/* End PBXBuildFile section */

/* Begin PBXContainerItemProxy section */
		8F15D31D1AFECDA4004E456C /* PBXContainerItemProxy */ = {
			isa = PBXContainerItemProxy;
			containerPortal = 8F15D2FF1AFECDA4004E456C /* Project object */;
			proxyType = 1;
			remoteGlobalIDString = 8F15D3061AFECDA4004E456C;
			remoteInfo = FA_RevealMenu;
		};
/* End PBXContainerItemProxy section */

/* Begin PBXFileReference section */
		8F15D3071AFECDA4004E456C /* FA_RevealMenu.app */ = {isa = PBXFileReference; explicitFileType = wrapper.application; includeInIndex = 0; path = FA_RevealMenu.app; sourceTree = BUILT_PRODUCTS_DIR; };
		8F15D30B1AFECDA4004E456C /* Info.plist */ = {isa = PBXFileReference; lastKnownFileType = text.plist.xml; path = Info.plist; sourceTree = "<group>"; };
		8F15D30C1AFECDA4004E456C /* AppDelegate.swift */ = {isa = PBXFileReference; lastKnownFileType = sourcecode.swift; path = AppDelegate.swift; sourceTree = "<group>"; };
		8F15D3111AFECDA4004E456C /* Base */ = {isa = PBXFileReference; lastKnownFileType = file.storyboard; name = Base; path = Base.lproj/Main.storyboard; sourceTree = "<group>"; };
		8F15D3131AFECDA4004E456C /* Images.xcassets */ = {isa = PBXFileReference; lastKnownFileType = folder.assetcatalog; path = Images.xcassets; sourceTree = "<group>"; };
		8F15D3161AFECDA4004E456C /* Base */ = {isa = PBXFileReference; lastKnownFileType = file.xib; name = Base; path = Base.lproj/LaunchScreen.xib; sourceTree = "<group>"; };
		8F15D31C1AFECDA4004E456C /* FA_RevealMenuTests.xctest */ = {isa = PBXFileReference; explicitFileType = wrapper.cfbundle; includeInIndex = 0; path = FA_RevealMenuTests.xctest; sourceTree = BUILT_PRODUCTS_DIR; };
		8F15D3211AFECDA4004E456C /* Info.plist */ = {isa = PBXFileReference; lastKnownFileType = text.plist.xml; path = Info.plist; sourceTree = "<group>"; };
		8F15D3221AFECDA4004E456C /* FA_RevealMenuTests.swift */ = {isa = PBXFileReference; lastKnownFileType = sourcecode.swift; path = FA_RevealMenuTests.swift; sourceTree = "<group>"; };
		8F15D32C1AFECDBE004E456C /* FA_RevealMenuController.swift */ = {isa = PBXFileReference; fileEncoding = 4; lastKnownFileType = sourcecode.swift; path = FA_RevealMenuController.swift; sourceTree = "<group>"; };
		8F15D32E1AFED961004E456C /* LeftMenuController.swift */ = {isa = PBXFileReference; fileEncoding = 4; lastKnownFileType = sourcecode.swift; path = LeftMenuController.swift; sourceTree = "<group>"; };
		8F15D3301AFEDE52004E456C /* FrontViewController.swift */ = {isa = PBXFileReference; fileEncoding = 4; lastKnownFileType = sourcecode.swift; path = FrontViewController.swift; sourceTree = "<group>"; };
		8F3AFD011B53AD8F0001B619 /* SecondaryViewController.swift */ = {isa = PBXFileReference; fileEncoding = 4; lastKnownFileType = sourcecode.swift; path = SecondaryViewController.swift; sourceTree = "<group>"; };
/* End PBXFileReference section */

/* Begin PBXFrameworksBuildPhase section */
		8F15D3041AFECDA4004E456C /* Frameworks */ = {
			isa = PBXFrameworksBuildPhase;
			buildActionMask = 2147483647;
			files = (
			);
			runOnlyForDeploymentPostprocessing = 0;
		};
		8F15D3191AFECDA4004E456C /* Frameworks */ = {
			isa = PBXFrameworksBuildPhase;
			buildActionMask = 2147483647;
			files = (
			);
			runOnlyForDeploymentPostprocessing = 0;
		};
/* End PBXFrameworksBuildPhase section */

/* Begin PBXGroup section */
		8F15D2FE1AFECDA4004E456C = {
			isa = PBXGroup;
			children = (
				8F15D3091AFECDA4004E456C /* FA_RevealMenu */,
				8F15D31F1AFECDA4004E456C /* FA_RevealMenuTests */,
				8F15D3081AFECDA4004E456C /* Products */,
			);
			sourceTree = "<group>";
		};
		8F15D3081AFECDA4004E456C /* Products */ = {
			isa = PBXGroup;
			children = (
				8F15D3071AFECDA4004E456C /* FA_RevealMenu.app */,
				8F15D31C1AFECDA4004E456C /* FA_RevealMenuTests.xctest */,
			);
			name = Products;
			sourceTree = "<group>";
		};
		8F15D3091AFECDA4004E456C /* FA_RevealMenu */ = {
			isa = PBXGroup;
			children = (
				8F15D30C1AFECDA4004E456C /* AppDelegate.swift */,
				8F15D3301AFEDE52004E456C /* FrontViewController.swift */,
				8F15D3101AFECDA4004E456C /* Main.storyboard */,
				8F15D32E1AFED961004E456C /* LeftMenuController.swift */,
				8F15D32C1AFECDBE004E456C /* FA_RevealMenuController.swift */,
				8F15D3131AFECDA4004E456C /* Images.xcassets */,
				8F15D3151AFECDA4004E456C /* LaunchScreen.xib */,
				8F15D30A1AFECDA4004E456C /* Supporting Files */,
				8F3AFD011B53AD8F0001B619 /* SecondaryViewController.swift */,
			);
			path = FA_RevealMenu;
			sourceTree = "<group>";
		};
		8F15D30A1AFECDA4004E456C /* Supporting Files */ = {
			isa = PBXGroup;
			children = (
				8F15D30B1AFECDA4004E456C /* Info.plist */,
			);
			name = "Supporting Files";
			sourceTree = "<group>";
		};
		8F15D31F1AFECDA4004E456C /* FA_RevealMenuTests */ = {
			isa = PBXGroup;
			children = (
				8F15D3221AFECDA4004E456C /* FA_RevealMenuTests.swift */,
				8F15D3201AFECDA4004E456C /* Supporting Files */,
			);
			path = FA_RevealMenuTests;
			sourceTree = "<group>";
		};
		8F15D3201AFECDA4004E456C /* Supporting Files */ = {
			isa = PBXGroup;
			children = (
				8F15D3211AFECDA4004E456C /* Info.plist */,
			);
			name = "Supporting Files";
			sourceTree = "<group>";
		};
/* End PBXGroup section */

/* Begin PBXNativeTarget section */
		8F15D3061AFECDA4004E456C /* FA_RevealMenu */ = {
			isa = PBXNativeTarget;
			buildConfigurationList = 8F15D3261AFECDA4004E456C /* Build configuration list for PBXNativeTarget "FA_RevealMenu" */;
			buildPhases = (
				8F15D3031AFECDA4004E456C /* Sources */,
				8F15D3041AFECDA4004E456C /* Frameworks */,
				8F15D3051AFECDA4004E456C /* Resources */,
			);
			buildRules = (
			);
			dependencies = (
			);
			name = FA_RevealMenu;
			productName = FA_RevealMenu;
			productReference = 8F15D3071AFECDA4004E456C /* FA_RevealMenu.app */;
			productType = "com.apple.product-type.application";
		};
		8F15D31B1AFECDA4004E456C /* FA_RevealMenuTests */ = {
			isa = PBXNativeTarget;
			buildConfigurationList = 8F15D3291AFECDA4004E456C /* Build configuration list for PBXNativeTarget "FA_RevealMenuTests" */;
			buildPhases = (
				8F15D3181AFECDA4004E456C /* Sources */,
				8F15D3191AFECDA4004E456C /* Frameworks */,
				8F15D31A1AFECDA4004E456C /* Resources */,
			);
			buildRules = (
			);
			dependencies = (
				8F15D31E1AFECDA4004E456C /* PBXTargetDependency */,
			);
			name = FA_RevealMenuTests;
			productName = FA_RevealMenuTests;
			productReference = 8F15D31C1AFECDA4004E456C /* FA_RevealMenuTests.xctest */;
			productType = "com.apple.product-type.bundle.unit-test";
		};
/* End PBXNativeTarget section */

/* Begin PBXProject section */
		8F15D2FF1AFECDA4004E456C /* Project object */ = {
			isa = PBXProject;
			attributes = {
				LastUpgradeCheck = 0630;
				ORGANIZATIONNAME = Front;
				TargetAttributes = {
					8F15D3061AFECDA4004E456C = {
						CreatedOnToolsVersion = 6.3;
					};
					8F15D31B1AFECDA4004E456C = {
						CreatedOnToolsVersion = 6.3;
						TestTargetID = 8F15D3061AFECDA4004E456C;
					};
				};
			};
			buildConfigurationList = 8F15D3021AFECDA4004E456C /* Build configuration list for PBXProject "FA_RevealMenu" */;
			compatibilityVersion = "Xcode 3.2";
			developmentRegion = English;
			hasScannedForEncodings = 0;
			knownRegions = (
				en,
				Base,
			);
			mainGroup = 8F15D2FE1AFECDA4004E456C;
			productRefGroup = 8F15D3081AFECDA4004E456C /* Products */;
			projectDirPath = "";
			projectRoot = "";
			targets = (
				8F15D3061AFECDA4004E456C /* FA_RevealMenu */,
				8F15D31B1AFECDA4004E456C /* FA_RevealMenuTests */,
			);
		};
/* End PBXProject section */

/* Begin PBXResourcesBuildPhase section */
		8F15D3051AFECDA4004E456C /* Resources */ = {
			isa = PBXResourcesBuildPhase;
			buildActionMask = 2147483647;
			files = (
				8F15D3121AFECDA4004E456C /* Main.storyboard in Resources */,
				8F15D3171AFECDA4004E456C /* LaunchScreen.xib in Resources */,
				8F15D3141AFECDA4004E456C /* Images.xcassets in Resources */,
			);
			runOnlyForDeploymentPostprocessing = 0;
		};
		8F15D31A1AFECDA4004E456C /* Resources */ = {
			isa = PBXResourcesBuildPhase;
			buildActionMask = 2147483647;
			files = (
			);
			runOnlyForDeploymentPostprocessing = 0;
		};
/* End PBXResourcesBuildPhase section */

/* Begin PBXSourcesBuildPhase section */
		8F15D3031AFECDA4004E456C /* Sources */ = {
			isa = PBXSourcesBuildPhase;
			buildActionMask = 2147483647;
			files = (
				8F15D32D1AFECDBE004E456C /* FA_RevealMenuController.swift in Sources */,
				8F15D3311AFEDE52004E456C /* FrontViewController.swift in Sources */,
				8F15D30D1AFECDA4004E456C /* AppDelegate.swift in Sources */,
				8F15D32F1AFED961004E456C /* LeftMenuController.swift in Sources */,
				8F3AFD021B53AD8F0001B619 /* SecondaryViewController.swift in Sources */,
			);
			runOnlyForDeploymentPostprocessing = 0;
		};
		8F15D3181AFECDA4004E456C /* Sources */ = {
			isa = PBXSourcesBuildPhase;
			buildActionMask = 2147483647;
			files = (
				8F15D3231AFECDA4004E456C /* FA_RevealMenuTests.swift in Sources */,
			);
			runOnlyForDeploymentPostprocessing = 0;
		};
/* End PBXSourcesBuildPhase section */

/* Begin PBXTargetDependency section */
		8F15D31E1AFECDA4004E456C /* PBXTargetDependency */ = {
			isa = PBXTargetDependency;
			target = 8F15D3061AFECDA4004E456C /* FA_RevealMenu */;
			targetProxy = 8F15D31D1AFECDA4004E456C /* PBXContainerItemProxy */;
		};
/* End PBXTargetDependency section */

/* Begin PBXVariantGroup section */
		8F15D3101AFECDA4004E456C /* Main.storyboard */ = {
			isa = PBXVariantGroup;
			children = (
				8F15D3111AFECDA4004E456C /* Base */,
			);
			name = Main.storyboard;
			sourceTree = "<group>";
		};
		8F15D3151AFECDA4004E456C /* LaunchScreen.xib */ = {
			isa = PBXVariantGroup;
			children = (
				8F15D3161AFECDA4004E456C /* Base */,
			);
			name = LaunchScreen.xib;
			sourceTree = "<group>";
		};
/* End PBXVariantGroup section */

/* Begin XCBuildConfiguration section */
		8F15D3241AFECDA4004E456C /* Debug */ = {
			isa = XCBuildConfiguration;
			buildSettings = {
				ALWAYS_SEARCH_USER_PATHS = NO;
				CLANG_CXX_LANGUAGE_STANDARD = "gnu++0x";
				CLANG_CXX_LIBRARY = "libc++";
				CLANG_ENABLE_MODULES = YES;
				CLANG_ENABLE_OBJC_ARC = YES;
				CLANG_WARN_BOOL_CONVERSION = YES;
				CLANG_WARN_CONSTANT_CONVERSION = YES;
				CLANG_WARN_DIRECT_OBJC_ISA_USAGE = YES_ERROR;
				CLANG_WARN_EMPTY_BODY = YES;
				CLANG_WARN_ENUM_CONVERSION = YES;
				CLANG_WARN_INT_CONVERSION = YES;
				CLANG_WARN_OBJC_ROOT_CLASS = YES_ERROR;
				CLANG_WARN_UNREACHABLE_CODE = YES;
				CLANG_WARN__DUPLICATE_METHOD_MATCH = YES;
				"CODE_SIGN_IDENTITY[sdk=iphoneos*]" = "iPhone Developer";
				COPY_PHASE_STRIP = NO;
				DEBUG_INFORMATION_FORMAT = "dwarf-with-dsym";
				ENABLE_STRICT_OBJC_MSGSEND = YES;
				GCC_C_LANGUAGE_STANDARD = gnu99;
				GCC_DYNAMIC_NO_PIC = NO;
				GCC_NO_COMMON_BLOCKS = YES;
				GCC_OPTIMIZATION_LEVEL = 0;
				GCC_PREPROCESSOR_DEFINITIONS = (
					"DEBUG=1",
					"$(inherited)",
				);
				GCC_SYMBOLS_PRIVATE_EXTERN = NO;
				GCC_WARN_64_TO_32_BIT_CONVERSION = YES;
				GCC_WARN_ABOUT_RETURN_TYPE = YES_ERROR;
				GCC_WARN_UNDECLARED_SELECTOR = YES;
				GCC_WARN_UNINITIALIZED_AUTOS = YES_AGGRESSIVE;
				GCC_WARN_UNUSED_FUNCTION = YES;
				GCC_WARN_UNUSED_VARIABLE = YES;
				IPHONEOS_DEPLOYMENT_TARGET = 8.3;
				MTL_ENABLE_DEBUG_INFO = YES;
				ONLY_ACTIVE_ARCH = YES;
				SDKROOT = iphoneos;
				SWIFT_OPTIMIZATION_LEVEL = "-Onone";
				TARGETED_DEVICE_FAMILY = "1,2";
			};
			name = Debug;
		};
		8F15D3251AFECDA4004E456C /* Release */ = {
			isa = XCBuildConfiguration;
			buildSettings = {
				ALWAYS_SEARCH_USER_PATHS = NO;
				CLANG_CXX_LANGUAGE_STANDARD = "gnu++0x";
				CLANG_CXX_LIBRARY = "libc++";
				CLANG_ENABLE_MODULES = YES;
				CLANG_ENABLE_OBJC_ARC = YES;
				CLANG_WARN_BOOL_CONVERSION = YES;
				CLANG_WARN_CONSTANT_CONVERSION = YES;
				CLANG_WARN_DIRECT_OBJC_ISA_USAGE = YES_ERROR;
				CLANG_WARN_EMPTY_BODY = YES;
				CLANG_WARN_ENUM_CONVERSION = YES;
				CLANG_WARN_INT_CONVERSION = YES;
				CLANG_WARN_OBJC_ROOT_CLASS = YES_ERROR;
				CLANG_WARN_UNREACHABLE_CODE = YES;
				CLANG_WARN__DUPLICATE_METHOD_MATCH = YES;
				"CODE_SIGN_IDENTITY[sdk=iphoneos*]" = "iPhone Developer";
				COPY_PHASE_STRIP = NO;
				DEBUG_INFORMATION_FORMAT = "dwarf-with-dsym";
				ENABLE_NS_ASSERTIONS = NO;
				ENABLE_STRICT_OBJC_MSGSEND = YES;
				GCC_C_LANGUAGE_STANDARD = gnu99;
				GCC_NO_COMMON_BLOCKS = YES;
				GCC_WARN_64_TO_32_BIT_CONVERSION = YES;
				GCC_WARN_ABOUT_RETURN_TYPE = YES_ERROR;
				GCC_WARN_UNDECLARED_SELECTOR = YES;
				GCC_WARN_UNINITIALIZED_AUTOS = YES_AGGRESSIVE;
				GCC_WARN_UNUSED_FUNCTION = YES;
				GCC_WARN_UNUSED_VARIABLE = YES;
				IPHONEOS_DEPLOYMENT_TARGET = 8.3;
				MTL_ENABLE_DEBUG_INFO = NO;
				SDKROOT = iphoneos;
				TARGETED_DEVICE_FAMILY = "1,2";
				VALIDATE_PRODUCT = YES;
			};
			name = Release;
		};
		8F15D3271AFECDA4004E456C /* Debug */ = {
			isa = XCBuildConfiguration;
			buildSettings = {
				ASSETCATALOG_COMPILER_APPICON_NAME = AppIcon;
				INFOPLIST_FILE = FA_RevealMenu/Info.plist;
				IPHONEOS_DEPLOYMENT_TARGET = 8.0;
				LD_RUNPATH_SEARCH_PATHS = "$(inherited) @executable_path/Frameworks";
				PRODUCT_NAME = "$(TARGET_NAME)";
			};
			name = Debug;
		};
		8F15D3281AFECDA4004E456C /* Release */ = {
			isa = XCBuildConfiguration;
			buildSettings = {
				ASSETCATALOG_COMPILER_APPICON_NAME = AppIcon;
				INFOPLIST_FILE = FA_RevealMenu/Info.plist;
				IPHONEOS_DEPLOYMENT_TARGET = 8.0;
				LD_RUNPATH_SEARCH_PATHS = "$(inherited) @executable_path/Frameworks";
				PRODUCT_NAME = "$(TARGET_NAME)";
			};
			name = Release;
		};
		8F15D32A1AFECDA4004E456C /* Debug */ = {
			isa = XCBuildConfiguration;
			buildSettings = {
				BUNDLE_LOADER = "$(TEST_HOST)";
				FRAMEWORK_SEARCH_PATHS = (
					"$(SDKROOT)/Developer/Library/Frameworks",
					"$(inherited)",
				);
				GCC_PREPROCESSOR_DEFINITIONS = (
					"DEBUG=1",
					"$(inherited)",
				);
				INFOPLIST_FILE = FA_RevealMenuTests/Info.plist;
				LD_RUNPATH_SEARCH_PATHS = "$(inherited) @executable_path/Frameworks @loader_path/Frameworks";
				PRODUCT_NAME = "$(TARGET_NAME)";
				TEST_HOST = "$(BUILT_PRODUCTS_DIR)/FA_RevealMenu.app/FA_RevealMenu";
			};
			name = Debug;
		};
		8F15D32B1AFECDA4004E456C /* Release */ = {
			isa = XCBuildConfiguration;
			buildSettings = {
				BUNDLE_LOADER = "$(TEST_HOST)";
				FRAMEWORK_SEARCH_PATHS = (
					"$(SDKROOT)/Developer/Library/Frameworks",
					"$(inherited)",
				);
				INFOPLIST_FILE = FA_RevealMenuTests/Info.plist;
				LD_RUNPATH_SEARCH_PATHS = "$(inherited) @executable_path/Frameworks @loader_path/Frameworks";
				PRODUCT_NAME = "$(TARGET_NAME)";
				TEST_HOST = "$(BUILT_PRODUCTS_DIR)/FA_RevealMenu.app/FA_RevealMenu";
			};
			name = Release;
		};
/* End XCBuildConfiguration section */

/* Begin XCConfigurationList section */
		8F15D3021AFECDA4004E456C /* Build configuration list for PBXProject "FA_RevealMenu" */ = {
			isa = XCConfigurationList;
			buildConfigurations = (
				8F15D3241AFECDA4004E456C /* Debug */,
				8F15D3251AFECDA4004E456C /* Release */,
			);
			defaultConfigurationIsVisible = 0;
			defaultConfigurationName = Release;
		};
		8F15D3261AFECDA4004E456C /* Build configuration list for PBXNativeTarget "FA_RevealMenu" */ = {
			isa = XCConfigurationList;
			buildConfigurations = (
				8F15D3271AFECDA4004E456C /* Debug */,
				8F15D3281AFECDA4004E456C /* Release */,
			);
			defaultConfigurationIsVisible = 0;
			defaultConfigurationName = Release;
		};
		8F15D3291AFECDA4004E456C /* Build configuration list for PBXNativeTarget "FA_RevealMenuTests" */ = {
			isa = XCConfigurationList;
			buildConfigurations = (
				8F15D32A1AFECDA4004E456C /* Debug */,
				8F15D32B1AFECDA4004E456C /* Release */,
			);
			defaultConfigurationIsVisible = 0;
			defaultConfigurationName = Release;
		};
/* End XCConfigurationList section */
	};
	rootObject = 8F15D2FF1AFECDA4004E456C /* Project object */;
}
